
Microsoft Visual Studio Solution File, Format Version 12.00
# Visual Studio Version 16
VisualStudioVersion = 16.0.30320.27
MinimumVisualStudioVersion = 10.0.40219.1
Project("{FAE04EC0-301F-11D3-BF4B-00C04F79EFBC}") = "CSharp_Assignment_1", "CSharp_Assignment_1\CSharp_Assignment_1.csproj", "{9B9036E5-26E5-4CDD-8AF2-635BDADCCF3C}"
EndProject
Global
	GlobalSection(SolutionConfigurationPlatforms) = preSolution
		Debug|Any CPU = Debug|Any CPU
		Release|Any CPU = Release|Any CPU
	EndGlobalSection
	GlobalSection(ProjectConfigurationPlatforms) = postSolution
		{9B9036E5-26E5-4CDD-8AF2-635BDADCCF3C}.Debug|Any CPU.ActiveCfg = Debug|Any CPU
		{9B9036E5-26E5-4CDD-8AF2-635BDADCCF3C}.Debug|Any CPU.Build.0 = Debug|Any CPU
		{9B9036E5-26E5-4CDD-8AF2-635BDADCCF3C}.Release|Any CPU.ActiveCfg = Release|Any CPU
		{9B9036E5-26E5-4CDD-8AF2-635BDADCCF3C}.Release|Any CPU.Build.0 = Release|Any CPU
	EndGlobalSection
	GlobalSection(SolutionProperties) = preSolution
		HideSolutionNode = FALSE
	EndGlobalSection
	GlobalSection(ExtensibilityGlobals) = postSolution
		SolutionGuid = {8F9E9579-9FA2-4B28-8781-F453860173C4}
	EndGlobalSection
EndGlobal
